
Microsoft Visual Studio Solution File, Format Version 12.00
Project("{FAE04EC0-301F-11D3-BF4B-00C04F79EFBC}") = "CalmbinoArchive.Api", "src\CalmbinoArchive.Api\CalmbinoArchive.Api.csproj", "{D7624069-5F3F-4C85-B79E-6BFD24E82D87}"
EndProject
Project("{FAE04EC0-301F-11D3-BF4B-00C04F79EFBC}") = "CalmbinoArchive.Domain", "src\CalmbinoArchive.Domain\CalmbinoArchive.Domain.csproj", "{31393B01-260A-487F-AF57-D17C813AAD21}"
EndProject
Project("{FAE04EC0-301F-11D3-BF4B-00C04F79EFBC}") = "CalmbinoArchive.Application", "src\CalmbinoArchive.Application\CalmbinoArchive.Application.csproj", "{860F1562-2A00-4F74-86E6-5F34438A1443}"
EndProject
Project("{FAE04EC0-301F-11D3-BF4B-00C04F79EFBC}") = "CalmbinoArchive.Infrastructure", "src\CalmbinoArchive.Infrastructure\CalmbinoArchive.Infrastructure.csproj", "{B96AC9C0-2D1A-4BCA-9FA5-798CD9F2A414}"
EndProject
Project("{FAE04EC0-301F-11D3-BF4B-00C04F79EFBC}") = "CalmbinoArchive.Web", "src\CalmbinoArchive.Web\CalmbinoArchive.Web\CalmbinoArchive.Web.csproj", "{377F5469-74E3-459A-8D82-400CD986817E}"
EndProject
Project("{FAE04EC0-301F-11D3-BF4B-00C04F79EFBC}") = "CalmbinoArchive.Web.Client", "src\CalmbinoArchive.Web\CalmbinoArchive.Web.Client\CalmbinoArchive.Web.Client.csproj", "{691DD1FF-E19A-4313-BD9F-63EDA046B25D}"
EndProject
Project("{FAE04EC0-301F-11D3-BF4B-00C04F79EFBC}") = "CalmbinoArchive.Web.Shared", "src\CalmbinoArchive.Web\CalmbinoArchive.Web.Shared\CalmbinoArchive.Web.Shared.csproj", "{54A8FCBF-0DC2-4ECF-BC52-281EEA5158AD}"
EndProject
Project("{FAE04EC0-301F-11D3-BF4B-00C04F79EFBC}") = "CalmbinoArchive.AppHost", "src\CalmbinoArchive.AppHost\CalmbinoArchive.AppHost.csproj", "{5758091C-1963-4806-A79D-C10435663976}"
EndProject
Project("{FAE04EC0-301F-11D3-BF4B-00C04F79EFBC}") = "CalmbinoArchive.ServiceDefaults", "src\CalmbinoArchive.ServiceDefaults\CalmbinoArchive.ServiceDefaults.csproj", "{1AC06C5C-4219-4B2E-9B18-45CE540AB539}"
EndProject
Global
	GlobalSection(SolutionConfigurationPlatforms) = preSolution
		Debug|Any CPU = Debug|Any CPU
		Release|Any CPU = Release|Any CPU
	EndGlobalSection
	GlobalSection(ProjectConfigurationPlatforms) = postSolution
		{D7624069-5F3F-4C85-B79E-6BFD24E82D87}.Debug|Any CPU.ActiveCfg = Debug|Any CPU
		{D7624069-5F3F-4C85-B79E-6BFD24E82D87}.Debug|Any CPU.Build.0 = Debug|Any CPU
		{D7624069-5F3F-4C85-B79E-6BFD24E82D87}.Release|Any CPU.ActiveCfg = Release|Any CPU
		{D7624069-5F3F-4C85-B79E-6BFD24E82D87}.Release|Any CPU.Build.0 = Release|Any CPU
		{31393B01-260A-487F-AF57-D17C813AAD21}.Debug|Any CPU.ActiveCfg = Debug|Any CPU
		{31393B01-260A-487F-AF57-D17C813AAD21}.Debug|Any CPU.Build.0 = Debug|Any CPU
		{31393B01-260A-487F-AF57-D17C813AAD21}.Release|Any CPU.ActiveCfg = Release|Any CPU
		{31393B01-260A-487F-AF57-D17C813AAD21}.Release|Any CPU.Build.0 = Release|Any CPU
		{860F1562-2A00-4F74-86E6-5F34438A1443}.Debug|Any CPU.ActiveCfg = Debug|Any CPU
		{860F1562-2A00-4F74-86E6-5F34438A1443}.Debug|Any CPU.Build.0 = Debug|Any CPU
		{860F1562-2A00-4F74-86E6-5F34438A1443}.Release|Any CPU.ActiveCfg = Release|Any CPU
		{860F1562-2A00-4F74-86E6-5F34438A1443}.Release|Any CPU.Build.0 = Release|Any CPU
		{B96AC9C0-2D1A-4BCA-9FA5-798CD9F2A414}.Debug|Any CPU.ActiveCfg = Debug|Any CPU
		{B96AC9C0-2D1A-4BCA-9FA5-798CD9F2A414}.Debug|Any CPU.Build.0 = Debug|Any CPU
		{B96AC9C0-2D1A-4BCA-9FA5-798CD9F2A414}.Release|Any CPU.ActiveCfg = Release|Any CPU
		{B96AC9C0-2D1A-4BCA-9FA5-798CD9F2A414}.Release|Any CPU.Build.0 = Release|Any CPU
		{377F5469-74E3-459A-8D82-400CD986817E}.Debug|Any CPU.ActiveCfg = Debug|Any CPU
		{377F5469-74E3-459A-8D82-400CD986817E}.Debug|Any CPU.Build.0 = Debug|Any CPU
		{377F5469-74E3-459A-8D82-400CD986817E}.Release|Any CPU.ActiveCfg = Release|Any CPU
		{377F5469-74E3-459A-8D82-400CD986817E}.Release|Any CPU.Build.0 = Release|Any CPU
		{691DD1FF-E19A-4313-BD9F-63EDA046B25D}.Debug|Any CPU.ActiveCfg = Debug|Any CPU
		{691DD1FF-E19A-4313-BD9F-63EDA046B25D}.Debug|Any CPU.Build.0 = Debug|Any CPU
		{691DD1FF-E19A-4313-BD9F-63EDA046B25D}.Release|Any CPU.ActiveCfg = Release|Any CPU
		{691DD1FF-E19A-4313-BD9F-63EDA046B25D}.Release|Any CPU.Build.0 = Release|Any CPU
		{54A8FCBF-0DC2-4ECF-BC52-281EEA5158AD}.Debug|Any CPU.ActiveCfg = Debug|Any CPU
		{54A8FCBF-0DC2-4ECF-BC52-281EEA5158AD}.Debug|Any CPU.Build.0 = Debug|Any CPU
		{54A8FCBF-0DC2-4ECF-BC52-281EEA5158AD}.Release|Any CPU.ActiveCfg = Release|Any CPU
		{54A8FCBF-0DC2-4ECF-BC52-281EEA5158AD}.Release|Any CPU.Build.0 = Release|Any CPU
		{5758091C-1963-4806-A79D-C10435663976}.Debug|Any CPU.ActiveCfg = Debug|Any CPU
		{5758091C-1963-4806-A79D-C10435663976}.Debug|Any CPU.Build.0 = Debug|Any CPU
		{5758091C-1963-4806-A79D-C10435663976}.Release|Any CPU.ActiveCfg = Release|Any CPU
		{5758091C-1963-4806-A79D-C10435663976}.Release|Any CPU.Build.0 = Release|Any CPU
		{1AC06C5C-4219-4B2E-9B18-45CE540AB539}.Debug|Any CPU.ActiveCfg = Debug|Any CPU
		{1AC06C5C-4219-4B2E-9B18-45CE540AB539}.Debug|Any CPU.Build.0 = Debug|Any CPU
		{1AC06C5C-4219-4B2E-9B18-45CE540AB539}.Release|Any CPU.ActiveCfg = Release|Any CPU
		{1AC06C5C-4219-4B2E-9B18-45CE540AB539}.Release|Any CPU.Build.0 = Release|Any CPU
	EndGlobalSection
EndGlobal
