
Microsoft Visual Studio Solution File, Format Version 12.00
Project("{FAE04EC0-301F-11D3-BF4B-00C04F79EFBC}") = "CalmbinoArchive.Web", "src\CalmbinoArchive.Web\CalmbinoArchive.Web\CalmbinoArchive.Web.csproj", "{9C889D6C-7C67-4216-A38E-BB98BB687347}"
EndProject
Project("{FAE04EC0-301F-11D3-BF4B-00C04F79EFBC}") = "CalmbinoArchive.Web.Client", "src\CalmbinoArchive.Web\CalmbinoArchive.Web.Client\CalmbinoArchive.Web.Client.csproj", "{B095C3FB-4FFE-40DB-923D-C59D5C433302}"
EndProject
Project("{FAE04EC0-301F-11D3-BF4B-00C04F79EFBC}") = "CalmbinoArchive.Api", "src\CalmbinoArchive.Api\CalmbinoArchive.Api.csproj", "{0A7B8C63-6046-42AD-A023-DDACEC7DF5F5}"
EndProject
Project("{FAE04EC0-301F-11D3-BF4B-00C04F79EFBC}") = "CalmbinoArchive.Domain", "src\CalmbinoArchive.Domain\CalmbinoArchive.Domain.csproj", "{806E6178-D14A-4178-81F8-B413B0B755C3}"
EndProject
Project("{FAE04EC0-301F-11D3-BF4B-00C04F79EFBC}") = "CalmbinoArchive.Infrastructure", "src\CalmbinoArchive.Infrastructure\CalmbinoArchive.Infrastructure.csproj", "{4735B370-2C95-4190-8782-4F395E6F2495}"
EndProject
Project("{FAE04EC0-301F-11D3-BF4B-00C04F79EFBC}") = "CalmbinoArchive.Application", "src\CalmbinoArchive.Application\CalmbinoArchive.Application.csproj", "{8CA1AA8C-7396-4240-9783-57886C24302B}"
EndProject
Project("{FAE04EC0-301F-11D3-BF4B-00C04F79EFBC}") = "CalmbinoArchive.Persistence", "src\CalmbinoArchive.Persistence\CalmbinoArchive.Persistence.csproj", "{6B370FF2-0051-44E2-A146-926ADF8D958A}"
EndProject
Project("{FAE04EC0-301F-11D3-BF4B-00C04F79EFBC}") = "CalmbinoArchive.Web.Shared", "src\CalmbinoArchive.Web\CalmbinoArchive.Web.Shared\CalmbinoArchive.Web.Shared.csproj", "{31538C87-66E1-40BA-AA21-EC46321EB9D6}"
EndProject
Project("{2150E333-8FDC-42A3-9474-1A3956D46DE8}") = "Solution Items", "Solution Items", "{F9783ACB-8B42-48D5-BE27-8EA18B7EE0D2}"
	ProjectSection(SolutionItems) = preProject
		docker-compose.yml = docker-compose.yml
	EndProjectSection
EndProject
Global
	GlobalSection(SolutionConfigurationPlatforms) = preSolution
		Debug|Any CPU = Debug|Any CPU
		Release|Any CPU = Release|Any CPU
	EndGlobalSection
	GlobalSection(ProjectConfigurationPlatforms) = postSolution
		{9C889D6C-7C67-4216-A38E-BB98BB687347}.Debug|Any CPU.ActiveCfg = Debug|Any CPU
		{9C889D6C-7C67-4216-A38E-BB98BB687347}.Debug|Any CPU.Build.0 = Debug|Any CPU
		{9C889D6C-7C67-4216-A38E-BB98BB687347}.Release|Any CPU.ActiveCfg = Release|Any CPU
		{9C889D6C-7C67-4216-A38E-BB98BB687347}.Release|Any CPU.Build.0 = Release|Any CPU
		{B095C3FB-4FFE-40DB-923D-C59D5C433302}.Debug|Any CPU.ActiveCfg = Debug|Any CPU
		{B095C3FB-4FFE-40DB-923D-C59D5C433302}.Debug|Any CPU.Build.0 = Debug|Any CPU
		{B095C3FB-4FFE-40DB-923D-C59D5C433302}.Release|Any CPU.ActiveCfg = Release|Any CPU
		{B095C3FB-4FFE-40DB-923D-C59D5C433302}.Release|Any CPU.Build.0 = Release|Any CPU
		{0A7B8C63-6046-42AD-A023-DDACEC7DF5F5}.Debug|Any CPU.ActiveCfg = Debug|Any CPU
		{0A7B8C63-6046-42AD-A023-DDACEC7DF5F5}.Debug|Any CPU.Build.0 = Debug|Any CPU
		{0A7B8C63-6046-42AD-A023-DDACEC7DF5F5}.Release|Any CPU.ActiveCfg = Release|Any CPU
		{0A7B8C63-6046-42AD-A023-DDACEC7DF5F5}.Release|Any CPU.Build.0 = Release|Any CPU
		{806E6178-D14A-4178-81F8-B413B0B755C3}.Debug|Any CPU.ActiveCfg = Debug|Any CPU
		{806E6178-D14A-4178-81F8-B413B0B755C3}.Debug|Any CPU.Build.0 = Debug|Any CPU
		{806E6178-D14A-4178-81F8-B413B0B755C3}.Release|Any CPU.ActiveCfg = Release|Any CPU
		{806E6178-D14A-4178-81F8-B413B0B755C3}.Release|Any CPU.Build.0 = Release|Any CPU
		{4735B370-2C95-4190-8782-4F395E6F2495}.Debug|Any CPU.ActiveCfg = Debug|Any CPU
		{4735B370-2C95-4190-8782-4F395E6F2495}.Debug|Any CPU.Build.0 = Debug|Any CPU
		{4735B370-2C95-4190-8782-4F395E6F2495}.Release|Any CPU.ActiveCfg = Release|Any CPU
		{4735B370-2C95-4190-8782-4F395E6F2495}.Release|Any CPU.Build.0 = Release|Any CPU
		{8CA1AA8C-7396-4240-9783-57886C24302B}.Debug|Any CPU.ActiveCfg = Debug|Any CPU
		{8CA1AA8C-7396-4240-9783-57886C24302B}.Debug|Any CPU.Build.0 = Debug|Any CPU
		{8CA1AA8C-7396-4240-9783-57886C24302B}.Release|Any CPU.ActiveCfg = Release|Any CPU
		{8CA1AA8C-7396-4240-9783-57886C24302B}.Release|Any CPU.Build.0 = Release|Any CPU
		{6B370FF2-0051-44E2-A146-926ADF8D958A}.Debug|Any CPU.ActiveCfg = Debug|Any CPU
		{6B370FF2-0051-44E2-A146-926ADF8D958A}.Debug|Any CPU.Build.0 = Debug|Any CPU
		{6B370FF2-0051-44E2-A146-926ADF8D958A}.Release|Any CPU.ActiveCfg = Release|Any CPU
		{6B370FF2-0051-44E2-A146-926ADF8D958A}.Release|Any CPU.Build.0 = Release|Any CPU
		{31538C87-66E1-40BA-AA21-EC46321EB9D6}.Debug|Any CPU.ActiveCfg = Debug|Any CPU
		{31538C87-66E1-40BA-AA21-EC46321EB9D6}.Debug|Any CPU.Build.0 = Debug|Any CPU
		{31538C87-66E1-40BA-AA21-EC46321EB9D6}.Release|Any CPU.ActiveCfg = Release|Any CPU
		{31538C87-66E1-40BA-AA21-EC46321EB9D6}.Release|Any CPU.Build.0 = Release|Any CPU
	EndGlobalSection
EndGlobal
